
Microsoft Visual Studio Solution File, Format Version 12.00
# Visual Studio Version 16
VisualStudioVersion = 16.0.28803.202
MinimumVisualStudioVersion = 10.0.40219.1
Project("{9A19103F-16F7-4668-BE54-9A1E7A4F7556}") = "MVCAgeCheck", "MVCAgeCheck\MVCAgeCheck.csproj", "{A7E273E6-9619-40C6-968A-0383836783E2}"
EndProject
Project("{9A19103F-16F7-4668-BE54-9A1E7A4F7556}") = "MVCAgeCheckTest", "MVCAgeCheckTest\MVCAgeCheckTest.csproj", "{73DE7C71-5B0D-4818-96EE-0F284B63F3EB}"
EndProject
Global
	GlobalSection(SolutionConfigurationPlatforms) = preSolution
		Debug|Any CPU = Debug|Any CPU
		Release|Any CPU = Release|Any CPU
	EndGlobalSection
	GlobalSection(ProjectConfigurationPlatforms) = postSolution
		{A7E273E6-9619-40C6-968A-0383836783E2}.Debug|Any CPU.ActiveCfg = Debug|Any CPU
		{A7E273E6-9619-40C6-968A-0383836783E2}.Debug|Any CPU.Build.0 = Debug|Any CPU
		{A7E273E6-9619-40C6-968A-0383836783E2}.Release|Any CPU.ActiveCfg = Release|Any CPU
		{A7E273E6-9619-40C6-968A-0383836783E2}.Release|Any CPU.Build.0 = Release|Any CPU
		{73DE7C71-5B0D-4818-96EE-0F284B63F3EB}.Debug|Any CPU.ActiveCfg = Debug|Any CPU
		{73DE7C71-5B0D-4818-96EE-0F284B63F3EB}.Debug|Any CPU.Build.0 = Debug|Any CPU
		{73DE7C71-5B0D-4818-96EE-0F284B63F3EB}.Release|Any CPU.ActiveCfg = Release|Any CPU
		{73DE7C71-5B0D-4818-96EE-0F284B63F3EB}.Release|Any CPU.Build.0 = Release|Any CPU
	EndGlobalSection
	GlobalSection(SolutionProperties) = preSolution
		HideSolutionNode = FALSE
	EndGlobalSection
	GlobalSection(ExtensibilityGlobals) = postSolution
		SolutionGuid = {859F6B95-B0F7-45F3-A79F-DDE59A521D4E}
	EndGlobalSection
EndGlobal
